{
  "name": "pivx-shield-js",
  "version": "1.0.0",
  "lockfileVersion": 3,
  "requires": true,
  "packages": {
    "": {
      "name": "pivx-shield-js",
      "version": "1.0.0",
      "license": "MIT",
      "dependencies": {
        "bs58": "^5.0.0",
        "comlink": "^4.4.1",
        "pivx-shield-rust": "file:../pkg/",
        "pivx-shield-rust-multicore": "file:../pkg_multicore/",
        "uuid": "^9.0.0",
        "wasm-feature-detect": "^1.5.1"
      },
      "devDependencies": {
        "typescript": "^5.0.3"
      }
    },
    "../pkg": {
      "name": "pivx-shield-rust",
      "version": "1.0.0",
      "license": "MIT"
    },
    "../pkg_multicore": {
      "name": "pivx-shield-rust-multicore",
      "version": "1.0.0",
      "license": "MIT"
    },
    "node_modules/base-x": {
      "version": "4.0.0",
      "license": "MIT"
    },
    "node_modules/bs58": {
      "version": "5.0.0",
      "license": "MIT",
      "dependencies": {
        "base-x": "^4.0.0"
      }
    },
    "node_modules/comlink": {
      "version": "4.4.1",
      "license": "Apache-2.0"
    },
    "node_modules/pivx-shield-rust": {
      "resolved": "../pkg",
      "link": true
    },
    "node_modules/pivx-shield-rust-multicore": {
      "resolved": "../pkg_multicore",
      "link": true
    },
    "node_modules/typescript": {
      "version": "5.0.3",
      "resolved": "https://registry.npmjs.org/typescript/-/typescript-5.0.3.tgz",
      "integrity": "sha512-xv8mOEDnigb/tN9PSMTwSEqAnUvkoXMQlicOb0IUVDBSQCgBSaAAROUZYy2IcUy5qU6XajK5jjjO7TMWqBTKZA==",
      "dev": true,
      "bin": {
        "tsc": "bin/tsc",
        "tsserver": "bin/tsserver"
      },
      "engines": {
        "node": ">=12.20"
      }
    },
    "node_modules/uuid": {
      "version": "9.0.0",
      "license": "MIT",
      "bin": {
        "uuid": "dist/bin/uuid"
      }
    },
    "node_modules/wasm-feature-detect": {
      "version": "1.5.1",
      "license": "Apache-2.0"
    }
  }
}
