{
  "name": "pivx-shielding-js",
  "version": "1.0.0",
  "lockfileVersion": 3,
  "requires": true,
  "packages": {
    "": {
      "name": "pivx-shielding-js",
      "version": "1.0.0",
      "license": "ISC",
      "dependencies": {
        "pivx-shielding": "file:../pkg/"
      }
    },
    "../pkg": {
      "version": "0.1.0"
    },
    "node_modules/pivx-shielding": {
      "resolved": "../pkg",
      "link": true
    }
  }
}
