{
  "name": "pivx-shield",
  "version": "1.0.8",
  "lockfileVersion": 3,
  "requires": true,
  "packages": {
    "": {
      "name": "pivx-shield",
      "version": "1.0.8",
      "license": "MIT",
      "dependencies": {
        "bs58": "^5.0.0",
        "comlink": "^4.4.1",
        "pivx-shield-rust": "^1.0.4",
        "pivx-shield-rust-multicore": "^1.0.4",
        "uuid": "^9.0.0",
        "wasm-feature-detect": "^1.5.1"
      },
      "devDependencies": {
        "typescript": "^5.0.3"
      }
    },
    "node_modules/base-x": {
      "version": "4.0.0",
      "resolved": "https://registry.npmjs.org/base-x/-/base-x-4.0.0.tgz",
      "integrity": "sha512-FuwxlW4H5kh37X/oW59pwTzzTKRzfrrQwhmyspRM7swOEZcHtDZSCt45U6oKgtuFE+WYPblePMVIPR4RZrh/hw=="
    },
    "node_modules/bs58": {
      "version": "5.0.0",
      "resolved": "https://registry.npmjs.org/bs58/-/bs58-5.0.0.tgz",
      "integrity": "sha512-r+ihvQJvahgYT50JD05dyJNKlmmSlMoOGwn1lCcEzanPglg7TxYjioQUYehQ9mAR/+hOSd2jRc/Z2y5UxBymvQ==",
      "dependencies": {
        "base-x": "^4.0.0"
      }
    },
    "node_modules/comlink": {
      "version": "4.4.1",
      "resolved": "https://registry.npmjs.org/comlink/-/comlink-4.4.1.tgz",
      "integrity": "sha512-+1dlx0aY5Jo1vHy/tSsIGpSkN4tS9rZSW8FIhG0JH/crs9wwweswIo/POr451r7bZww3hFbPAKnTpimzL/mm4Q=="
    },
    "node_modules/pivx-shield-rust": {
      "version": "1.0.4",
      "resolved": "https://registry.npmjs.org/pivx-shield-rust/-/pivx-shield-rust-1.0.4.tgz",
      "integrity": "sha512-pKsArAdQdqx5ookEYiOzANp8ZtEDOitUvsXpCRpUiAccKcymI8VBcll4WGijkAGpdPA9bktJYbE/WrSyY3Ja6g=="
    },
    "node_modules/pivx-shield-rust-multicore": {
      "version": "1.0.4",
      "resolved": "https://registry.npmjs.org/pivx-shield-rust-multicore/-/pivx-shield-rust-multicore-1.0.4.tgz",
      "integrity": "sha512-uw5j+7990Y05iK/p3OF7m+uQF8OR0QNwmMhqoRdmpm2DYJW8MH7TgeTMsgXjqXZr1rae88yCSSmZEDRMre2mMA=="
    },
    "node_modules/typescript": {
      "version": "5.2.2",
      "resolved": "https://registry.npmjs.org/typescript/-/typescript-5.2.2.tgz",
      "integrity": "sha512-mI4WrpHsbCIcwT9cF4FZvr80QUeKvsUsUvKDoR+X/7XHQH98xYD8YHZg7ANtz2GtZt/CBq2QJ0thkGJMHfqc1w==",
      "dev": true,
      "bin": {
        "tsc": "bin/tsc",
        "tsserver": "bin/tsserver"
      },
      "engines": {
        "node": ">=14.17"
      }
    },
    "node_modules/uuid": {
      "version": "9.0.1",
      "resolved": "https://registry.npmjs.org/uuid/-/uuid-9.0.1.tgz",
      "integrity": "sha512-b+1eJOlsR9K8HJpow9Ok3fiWOWSIcIzXodvv0rQjVoOVNpWMpxf1wZNpt4y9h10odCNrqnYp1OBzRktckBe3sA==",
      "funding": [
        "https://github.com/sponsors/broofa",
        "https://github.com/sponsors/ctavan"
      ],
      "bin": {
        "uuid": "dist/bin/uuid"
      }
    },
    "node_modules/wasm-feature-detect": {
      "version": "1.6.1",
      "resolved": "https://registry.npmjs.org/wasm-feature-detect/-/wasm-feature-detect-1.6.1.tgz",
      "integrity": "sha512-R1i9ED8UlLu/foILNB1ck9XS63vdtqU/tP1MCugVekETp/ySCrBZRk5I/zI67cI1wlQYeSonNm1PLjDHZDNg6g=="
    }
  }
}
